
Microsoft Visual Studio Solution File, Format Version 12.00
# Visual Studio 15
VisualStudioVersion = 15.0.28307.852
MinimumVisualStudioVersion = 10.0.40219.1
Project("{FAE04EC0-301F-11D3-BF4B-00C04F79EFBC}") = "EMVCard", "EMVCard\EmvCard\EMVCard.csproj", "{C238A944-A0C2-4316-BC32-75D315A27FD4}"
EndProject
Project("{FAE04EC0-301F-11D3-BF4B-00C04F79EFBC}") = "ICode", "iCode\iCODE\ICode.csproj", "{57D246BC-95DB-45D2-BC1D-47D30108274B}"
EndProject
Project("{FAE04EC0-301F-11D3-BF4B-00C04F79EFBC}") = "Mifare", "Mifare\Mifare\Mifare.csproj", "{EFE76CF7-D2ED-46FC-87B7-5BEA3CA991DE}"
EndProject
Project("{FAE04EC0-301F-11D3-BF4B-00C04F79EFBC}") = "NfcTag", "NfcTag\NfcTag\NfcTag.csproj", "{FD21C015-0BCE-4017-8991-2B76AB0A73B6}"
EndProject
Project("{FAE04EC0-301F-11D3-BF4B-00C04F79EFBC}") = "HelloCard", "HelloCard\HelloCard\HelloCard.csproj", "{C59019E6-BC1E-4CE2-BD4D-DBAD8BF2C92F}"
EndProject
Project("{FAE04EC0-301F-11D3-BF4B-00C04F79EFBC}") = "ProxCard", "ProxCard\ProxCard\ProxCard.csproj", "{F0622213-5CD0-4034-8574-45BE72AEEC57}"
EndProject
Project("{FAE04EC0-301F-11D3-BF4B-00C04F79EFBC}") = "PIVcard", "PIVcard\PIVcard\PIVcard.csproj", "{1C2C60CF-1168-4443-9EB6-569CAA06632B}"
EndProject
Project("{FAE04EC0-301F-11D3-BF4B-00C04F79EFBC}") = "PIVcardWin", "PIVcard\PIVcardWin\PIVcardWin.csproj", "{A4B32FFF-58F6-4686-AD08-BE50F2B2640F}"
EndProject
Project("{FAE04EC0-301F-11D3-BF4B-00C04F79EFBC}") = "CACwin", "CAC\CACwin\CACwin.csproj", "{BF04109F-09F6-4130-BACF-D85E8285C9DD}"
EndProject
Project("{FAE04EC0-301F-11D3-BF4B-00C04F79EFBC}") = "MemoryCard", "MemoryCard\MemoryCard\MemoryCard.csproj", "{397B59A4-6C99-4C64-870B-F7B637E1A031}"
EndProject
Project("{FAE04EC0-301F-11D3-BF4B-00C04F79EFBC}") = "DESFire", "DESFire\DESFire\DESFire.csproj", "{29782A9F-11D4-415E-A6BC-28714945C79E}"
EndProject
Project("{FAE04EC0-301F-11D3-BF4B-00C04F79EFBC}") = "eGK", "eGK\eGK\eGK.csproj", "{4129BD98-73B7-4023-A14E-14203D982064}"
EndProject
Project("{F184B08F-C81C-45F6-A57F-5ABD9991F28F}") = "eGK.VB", "eGK\eGk.VB\eGK.VB.vbproj", "{4E58A17B-AE13-46CC-88E6-90FC892F04C5}"
EndProject
Project("{FAE04EC0-301F-11D3-BF4B-00C04F79EFBC}") = "Geldkarte", "Geldkarte\Geldkarte\Geldkarte.csproj", "{8A18AB73-1CEE-4B84-B019-244263AA4420}"
EndProject
Project("{F184B08F-C81C-45F6-A57F-5ABD9991F28F}") = "HelloCard.VB", "HelloCard\HelloCard.VB\HelloCard.VB.vbproj", "{7AB658DF-1508-4380-B831-B62C98C33AB8}"
EndProject
Project("{FAE04EC0-301F-11D3-BF4B-00C04F79EFBC}") = "SIMcard", "SIMcard\SIMcard\SIMcard.csproj", "{366AB6D7-8336-451D-9EFF-0663082EA99A}"
EndProject
Project("{2150E333-8FDC-42A3-9474-1A3956D46DE8}") = "U.S. Gov CAC and PIV", "U.S. Gov CAC and PIV", "{201542DC-E8C0-4956-A96B-6025149B0271}"
EndProject
Project("{2150E333-8FDC-42A3-9474-1A3956D46DE8}") = "HID Global Prox, iCLASS, SEOS", "HID Global Prox, iCLASS, SEOS", "{EC9C0C0B-36AF-4E98-9547-412BD76456D3}"
EndProject
Project("{2150E333-8FDC-42A3-9474-1A3956D46DE8}") = "NXP Mifare, DESFire, iCODE", "NXP Mifare, DESFire, iCODE", "{363021AA-306D-4451-8C9D-48A88CF1EF9E}"
EndProject
Project("{2150E333-8FDC-42A3-9474-1A3956D46DE8}") = "Financial EMV, Geldkarte", "Financial EMV, Geldkarte", "{8E4A0D52-9E5C-43F0-8E72-344067D01C21}"
EndProject
Project("{2150E333-8FDC-42A3-9474-1A3956D46DE8}") = "German Health Insurance Card", "German Health Insurance Card", "{C0CDDB35-3ED0-4A19-9083-9D5B7FBF198D}"
EndProject
Project("{2150E333-8FDC-42A3-9474-1A3956D46DE8}") = "NFC", "NFC", "{688C2263-8639-4FBA-9096-689618542812}"
EndProject
Project("{2150E333-8FDC-42A3-9474-1A3956D46DE8}") = "Storage cards (memory, synchronous)", "Storage cards (memory, synchronous)", "{2282EF05-D317-47B6-B1C0-92A4D652C9AD}"
EndProject
Project("{2150E333-8FDC-42A3-9474-1A3956D46DE8}") = "Misc cards (SIM)", "Misc cards (SIM)", "{D0E52E2A-2AA0-4E8D-B0C5-3EFCE3FBD1C5}"
EndProject
Project("{FAE04EC0-301F-11D3-BF4B-00C04F79EFBC}") = "MCARD", "MemoryCard\MCARD\MCARD.csproj", "{9D1D6409-EE60-4905-BC58-A53D53AE3B13}"
EndProject
Project("{FAE04EC0-301F-11D3-BF4B-00C04F79EFBC}") = "iCLASS", "iCLASS\ICLASS\iCLASS.csproj", "{4BD182AB-D9AE-4468-B980-0BA508D2AA76}"
EndProject
Project("{FAE04EC0-301F-11D3-BF4B-00C04F79EFBC}") = "SEOS", "SEOS\SEOS\SEOS.csproj", "{E84F569D-76BB-4B61-B1AC-C3D4E473DF94}"
EndProject
Project("{FAE04EC0-301F-11D3-BF4B-00C04F79EFBC}") = "HelloCard.WinForm", "HelloCard\HelloCard.WinForm\HelloCard.WinForm.csproj", "{2A2FF18D-5EDC-4253-A0D8-82E03DD1348B}"
EndProject
Global
	GlobalSection(SolutionConfigurationPlatforms) = preSolution
		Debug|Any CPU = Debug|Any CPU
		Debug|Mixed Platforms = Debug|Mixed Platforms
		Debug|Win32 = Debug|Win32
		Debug|x64 = Debug|x64
		Debug|x86 = Debug|x86
		Release|Any CPU = Release|Any CPU
		Release|Mixed Platforms = Release|Mixed Platforms
		Release|Win32 = Release|Win32
		Release|x64 = Release|x64
		Release|x86 = Release|x86
		TrialRelease|Any CPU = TrialRelease|Any CPU
		TrialRelease|Mixed Platforms = TrialRelease|Mixed Platforms
		TrialRelease|Win32 = TrialRelease|Win32
		TrialRelease|x64 = TrialRelease|x64
		TrialRelease|x86 = TrialRelease|x86
	EndGlobalSection
	GlobalSection(ProjectConfigurationPlatforms) = postSolution
		{C238A944-A0C2-4316-BC32-75D315A27FD4}.Debug|Any CPU.ActiveCfg = Debug|Any CPU
		{C238A944-A0C2-4316-BC32-75D315A27FD4}.Debug|Any CPU.Build.0 = Debug|Any CPU
		{C238A944-A0C2-4316-BC32-75D315A27FD4}.Debug|Mixed Platforms.ActiveCfg = Debug|Any CPU
		{C238A944-A0C2-4316-BC32-75D315A27FD4}.Debug|Mixed Platforms.Build.0 = Debug|Any CPU
		{C238A944-A0C2-4316-BC32-75D315A27FD4}.Debug|Win32.ActiveCfg = Debug|Any CPU
		{C238A944-A0C2-4316-BC32-75D315A27FD4}.Debug|x64.ActiveCfg = Debug|Any CPU
		{C238A944-A0C2-4316-BC32-75D315A27FD4}.Debug|x64.Build.0 = Debug|Any CPU
		{C238A944-A0C2-4316-BC32-75D315A27FD4}.Debug|x86.ActiveCfg = Debug|Any CPU
		{C238A944-A0C2-4316-BC32-75D315A27FD4}.Debug|x86.Build.0 = Debug|Any CPU
		{C238A944-A0C2-4316-BC32-75D315A27FD4}.Release|Any CPU.ActiveCfg = Release|Any CPU
		{C238A944-A0C2-4316-BC32-75D315A27FD4}.Release|Any CPU.Build.0 = Release|Any CPU
		{C238A944-A0C2-4316-BC32-75D315A27FD4}.Release|Mixed Platforms.ActiveCfg = Release|Any CPU
		{C238A944-A0C2-4316-BC32-75D315A27FD4}.Release|Mixed Platforms.Build.0 = Release|Any CPU
		{C238A944-A0C2-4316-BC32-75D315A27FD4}.Release|Win32.ActiveCfg = Release|Any CPU
		{C238A944-A0C2-4316-BC32-75D315A27FD4}.Release|x64.ActiveCfg = Release|Any CPU
		{C238A944-A0C2-4316-BC32-75D315A27FD4}.Release|x64.Build.0 = Release|Any CPU
		{C238A944-A0C2-4316-BC32-75D315A27FD4}.Release|x86.ActiveCfg = Release|Any CPU
		{C238A944-A0C2-4316-BC32-75D315A27FD4}.Release|x86.Build.0 = Release|Any CPU
		{C238A944-A0C2-4316-BC32-75D315A27FD4}.TrialRelease|Any CPU.ActiveCfg = Release|Any CPU
		{C238A944-A0C2-4316-BC32-75D315A27FD4}.TrialRelease|Any CPU.Build.0 = Release|Any CPU
		{C238A944-A0C2-4316-BC32-75D315A27FD4}.TrialRelease|Mixed Platforms.ActiveCfg = Release|Any CPU
		{C238A944-A0C2-4316-BC32-75D315A27FD4}.TrialRelease|Mixed Platforms.Build.0 = Release|Any CPU
		{C238A944-A0C2-4316-BC32-75D315A27FD4}.TrialRelease|Win32.ActiveCfg = Release|Any CPU
		{C238A944-A0C2-4316-BC32-75D315A27FD4}.TrialRelease|x64.ActiveCfg = Release|Any CPU
		{C238A944-A0C2-4316-BC32-75D315A27FD4}.TrialRelease|x64.Build.0 = Release|Any CPU
		{C238A944-A0C2-4316-BC32-75D315A27FD4}.TrialRelease|x86.ActiveCfg = Release|Any CPU
		{C238A944-A0C2-4316-BC32-75D315A27FD4}.TrialRelease|x86.Build.0 = Release|Any CPU
		{57D246BC-95DB-45D2-BC1D-47D30108274B}.Debug|Any CPU.ActiveCfg = Debug|Any CPU
		{57D246BC-95DB-45D2-BC1D-47D30108274B}.Debug|Any CPU.Build.0 = Debug|Any CPU
		{57D246BC-95DB-45D2-BC1D-47D30108274B}.Debug|Mixed Platforms.ActiveCfg = Debug|Any CPU
		{57D246BC-95DB-45D2-BC1D-47D30108274B}.Debug|Mixed Platforms.Build.0 = Debug|Any CPU
		{57D246BC-95DB-45D2-BC1D-47D30108274B}.Debug|Win32.ActiveCfg = Debug|Any CPU
		{57D246BC-95DB-45D2-BC1D-47D30108274B}.Debug|x64.ActiveCfg = Debug|Any CPU
		{57D246BC-95DB-45D2-BC1D-47D30108274B}.Debug|x64.Build.0 = Debug|Any CPU
		{57D246BC-95DB-45D2-BC1D-47D30108274B}.Debug|x86.ActiveCfg = Debug|Any CPU
		{57D246BC-95DB-45D2-BC1D-47D30108274B}.Debug|x86.Build.0 = Debug|Any CPU
		{57D246BC-95DB-45D2-BC1D-47D30108274B}.Release|Any CPU.ActiveCfg = Release|Any CPU
		{57D246BC-95DB-45D2-BC1D-47D30108274B}.Release|Any CPU.Build.0 = Release|Any CPU
		{57D246BC-95DB-45D2-BC1D-47D30108274B}.Release|Mixed Platforms.ActiveCfg = Release|Any CPU
		{57D246BC-95DB-45D2-BC1D-47D30108274B}.Release|Mixed Platforms.Build.0 = Release|Any CPU
		{57D246BC-95DB-45D2-BC1D-47D30108274B}.Release|Win32.ActiveCfg = Release|Any CPU
		{57D246BC-95DB-45D2-BC1D-47D30108274B}.Release|x64.ActiveCfg = Release|Any CPU
		{57D246BC-95DB-45D2-BC1D-47D30108274B}.Release|x64.Build.0 = Release|Any CPU
		{57D246BC-95DB-45D2-BC1D-47D30108274B}.Release|x86.ActiveCfg = Release|Any CPU
		{57D246BC-95DB-45D2-BC1D-47D30108274B}.Release|x86.Build.0 = Release|Any CPU
		{57D246BC-95DB-45D2-BC1D-47D30108274B}.TrialRelease|Any CPU.ActiveCfg = Release|Any CPU
		{57D246BC-95DB-45D2-BC1D-47D30108274B}.TrialRelease|Any CPU.Build.0 = Release|Any CPU
		{57D246BC-95DB-45D2-BC1D-47D30108274B}.TrialRelease|Mixed Platforms.ActiveCfg = Release|Any CPU
		{57D246BC-95DB-45D2-BC1D-47D30108274B}.TrialRelease|Mixed Platforms.Build.0 = Release|Any CPU
		{57D246BC-95DB-45D2-BC1D-47D30108274B}.TrialRelease|Win32.ActiveCfg = Release|Any CPU
		{57D246BC-95DB-45D2-BC1D-47D30108274B}.TrialRelease|x64.ActiveCfg = Release|Any CPU
		{57D246BC-95DB-45D2-BC1D-47D30108274B}.TrialRelease|x64.Build.0 = Release|Any CPU
		{57D246BC-95DB-45D2-BC1D-47D30108274B}.TrialRelease|x86.ActiveCfg = Release|Any CPU
		{57D246BC-95DB-45D2-BC1D-47D30108274B}.TrialRelease|x86.Build.0 = Release|Any CPU
		{EFE76CF7-D2ED-46FC-87B7-5BEA3CA991DE}.Debug|Any CPU.ActiveCfg = Debug|Any CPU
		{EFE76CF7-D2ED-46FC-87B7-5BEA3CA991DE}.Debug|Any CPU.Build.0 = Debug|Any CPU
		{EFE76CF7-D2ED-46FC-87B7-5BEA3CA991DE}.Debug|Mixed Platforms.ActiveCfg = Debug|Any CPU
		{EFE76CF7-D2ED-46FC-87B7-5BEA3CA991DE}.Debug|Mixed Platforms.Build.0 = Debug|Any CPU
		{EFE76CF7-D2ED-46FC-87B7-5BEA3CA991DE}.Debug|Win32.ActiveCfg = Debug|Any CPU
		{EFE76CF7-D2ED-46FC-87B7-5BEA3CA991DE}.Debug|x64.ActiveCfg = Debug|Any CPU
		{EFE76CF7-D2ED-46FC-87B7-5BEA3CA991DE}.Debug|x64.Build.0 = Debug|Any CPU
		{EFE76CF7-D2ED-46FC-87B7-5BEA3CA991DE}.Debug|x86.ActiveCfg = Debug|Any CPU
		{EFE76CF7-D2ED-46FC-87B7-5BEA3CA991DE}.Debug|x86.Build.0 = Debug|Any CPU
		{EFE76CF7-D2ED-46FC-87B7-5BEA3CA991DE}.Release|Any CPU.ActiveCfg = Release|Any CPU
		{EFE76CF7-D2ED-46FC-87B7-5BEA3CA991DE}.Release|Any CPU.Build.0 = Release|Any CPU
		{EFE76CF7-D2ED-46FC-87B7-5BEA3CA991DE}.Release|Mixed Platforms.ActiveCfg = Release|Any CPU
		{EFE76CF7-D2ED-46FC-87B7-5BEA3CA991DE}.Release|Mixed Platforms.Build.0 = Release|Any CPU
		{EFE76CF7-D2ED-46FC-87B7-5BEA3CA991DE}.Release|Win32.ActiveCfg = Release|Any CPU
		{EFE76CF7-D2ED-46FC-87B7-5BEA3CA991DE}.Release|x64.ActiveCfg = Release|Any CPU
		{EFE76CF7-D2ED-46FC-87B7-5BEA3CA991DE}.Release|x64.Build.0 = Release|Any CPU
		{EFE76CF7-D2ED-46FC-87B7-5BEA3CA991DE}.Release|x86.ActiveCfg = Release|Any CPU
		{EFE76CF7-D2ED-46FC-87B7-5BEA3CA991DE}.Release|x86.Build.0 = Release|Any CPU
		{EFE76CF7-D2ED-46FC-87B7-5BEA3CA991DE}.TrialRelease|Any CPU.ActiveCfg = Release|Any CPU
		{EFE76CF7-D2ED-46FC-87B7-5BEA3CA991DE}.TrialRelease|Any CPU.Build.0 = Release|Any CPU
		{EFE76CF7-D2ED-46FC-87B7-5BEA3CA991DE}.TrialRelease|Mixed Platforms.ActiveCfg = Release|Any CPU
		{EFE76CF7-D2ED-46FC-87B7-5BEA3CA991DE}.TrialRelease|Mixed Platforms.Build.0 = Release|Any CPU
		{EFE76CF7-D2ED-46FC-87B7-5BEA3CA991DE}.TrialRelease|Win32.ActiveCfg = Release|Any CPU
		{EFE76CF7-D2ED-46FC-87B7-5BEA3CA991DE}.TrialRelease|x64.ActiveCfg = Release|Any CPU
		{EFE76CF7-D2ED-46FC-87B7-5BEA3CA991DE}.TrialRelease|x64.Build.0 = Release|Any CPU
		{EFE76CF7-D2ED-46FC-87B7-5BEA3CA991DE}.TrialRelease|x86.ActiveCfg = Release|Any CPU
		{EFE76CF7-D2ED-46FC-87B7-5BEA3CA991DE}.TrialRelease|x86.Build.0 = Release|Any CPU
		{FD21C015-0BCE-4017-8991-2B76AB0A73B6}.Debug|Any CPU.ActiveCfg = Debug|Any CPU
		{FD21C015-0BCE-4017-8991-2B76AB0A73B6}.Debug|Any CPU.Build.0 = Debug|Any CPU
		{FD21C015-0BCE-4017-8991-2B76AB0A73B6}.Debug|Mixed Platforms.ActiveCfg = Debug|Any CPU
		{FD21C015-0BCE-4017-8991-2B76AB0A73B6}.Debug|Mixed Platforms.Build.0 = Debug|Any CPU
		{FD21C015-0BCE-4017-8991-2B76AB0A73B6}.Debug|Win32.ActiveCfg = Debug|Any CPU
		{FD21C015-0BCE-4017-8991-2B76AB0A73B6}.Debug|x64.ActiveCfg = Debug|Any CPU
		{FD21C015-0BCE-4017-8991-2B76AB0A73B6}.Debug|x64.Build.0 = Debug|Any CPU
		{FD21C015-0BCE-4017-8991-2B76AB0A73B6}.Debug|x86.ActiveCfg = Debug|Any CPU
		{FD21C015-0BCE-4017-8991-2B76AB0A73B6}.Debug|x86.Build.0 = Debug|Any CPU
		{FD21C015-0BCE-4017-8991-2B76AB0A73B6}.Release|Any CPU.ActiveCfg = Release|Any CPU
		{FD21C015-0BCE-4017-8991-2B76AB0A73B6}.Release|Any CPU.Build.0 = Release|Any CPU
		{FD21C015-0BCE-4017-8991-2B76AB0A73B6}.Release|Mixed Platforms.ActiveCfg = Release|Any CPU
		{FD21C015-0BCE-4017-8991-2B76AB0A73B6}.Release|Mixed Platforms.Build.0 = Release|Any CPU
		{FD21C015-0BCE-4017-8991-2B76AB0A73B6}.Release|Win32.ActiveCfg = Release|Any CPU
		{FD21C015-0BCE-4017-8991-2B76AB0A73B6}.Release|x64.ActiveCfg = Release|Any CPU
		{FD21C015-0BCE-4017-8991-2B76AB0A73B6}.Release|x64.Build.0 = Release|Any CPU
		{FD21C015-0BCE-4017-8991-2B76AB0A73B6}.Release|x86.ActiveCfg = Release|Any CPU
		{FD21C015-0BCE-4017-8991-2B76AB0A73B6}.Release|x86.Build.0 = Release|Any CPU
		{FD21C015-0BCE-4017-8991-2B76AB0A73B6}.TrialRelease|Any CPU.ActiveCfg = TrialRelease|Any CPU
		{FD21C015-0BCE-4017-8991-2B76AB0A73B6}.TrialRelease|Any CPU.Build.0 = TrialRelease|Any CPU
		{FD21C015-0BCE-4017-8991-2B76AB0A73B6}.TrialRelease|Mixed Platforms.ActiveCfg = TrialRelease|Any CPU
		{FD21C015-0BCE-4017-8991-2B76AB0A73B6}.TrialRelease|Mixed Platforms.Build.0 = TrialRelease|Any CPU
		{FD21C015-0BCE-4017-8991-2B76AB0A73B6}.TrialRelease|Win32.ActiveCfg = TrialRelease|Any CPU
		{FD21C015-0BCE-4017-8991-2B76AB0A73B6}.TrialRelease|x64.ActiveCfg = TrialRelease|Any CPU
		{FD21C015-0BCE-4017-8991-2B76AB0A73B6}.TrialRelease|x64.Build.0 = TrialRelease|Any CPU
		{FD21C015-0BCE-4017-8991-2B76AB0A73B6}.TrialRelease|x86.ActiveCfg = TrialRelease|Any CPU
		{FD21C015-0BCE-4017-8991-2B76AB0A73B6}.TrialRelease|x86.Build.0 = TrialRelease|Any CPU
		{C59019E6-BC1E-4CE2-BD4D-DBAD8BF2C92F}.Debug|Any CPU.ActiveCfg = Debug|Any CPU
		{C59019E6-BC1E-4CE2-BD4D-DBAD8BF2C92F}.Debug|Any CPU.Build.0 = Debug|Any CPU
		{C59019E6-BC1E-4CE2-BD4D-DBAD8BF2C92F}.Debug|Mixed Platforms.ActiveCfg = Debug|Any CPU
		{C59019E6-BC1E-4CE2-BD4D-DBAD8BF2C92F}.Debug|Mixed Platforms.Build.0 = Debug|Any CPU
		{C59019E6-BC1E-4CE2-BD4D-DBAD8BF2C92F}.Debug|Win32.ActiveCfg = Debug|Any CPU
		{C59019E6-BC1E-4CE2-BD4D-DBAD8BF2C92F}.Debug|x64.ActiveCfg = Debug|Any CPU
		{C59019E6-BC1E-4CE2-BD4D-DBAD8BF2C92F}.Debug|x64.Build.0 = Debug|Any CPU
		{C59019E6-BC1E-4CE2-BD4D-DBAD8BF2C92F}.Debug|x86.ActiveCfg = Debug|Any CPU
		{C59019E6-BC1E-4CE2-BD4D-DBAD8BF2C92F}.Debug|x86.Build.0 = Debug|Any CPU
		{C59019E6-BC1E-4CE2-BD4D-DBAD8BF2C92F}.Release|Any CPU.ActiveCfg = Release|Any CPU
		{C59019E6-BC1E-4CE2-BD4D-DBAD8BF2C92F}.Release|Any CPU.Build.0 = Release|Any CPU
		{C59019E6-BC1E-4CE2-BD4D-DBAD8BF2C92F}.Release|Mixed Platforms.ActiveCfg = Release|Any CPU
		{C59019E6-BC1E-4CE2-BD4D-DBAD8BF2C92F}.Release|Mixed Platforms.Build.0 = Release|Any CPU
		{C59019E6-BC1E-4CE2-BD4D-DBAD8BF2C92F}.Release|Win32.ActiveCfg = Release|Any CPU
		{C59019E6-BC1E-4CE2-BD4D-DBAD8BF2C92F}.Release|x64.ActiveCfg = Release|Any CPU
		{C59019E6-BC1E-4CE2-BD4D-DBAD8BF2C92F}.Release|x64.Build.0 = Release|Any CPU
		{C59019E6-BC1E-4CE2-BD4D-DBAD8BF2C92F}.Release|x86.ActiveCfg = Release|Any CPU
		{C59019E6-BC1E-4CE2-BD4D-DBAD8BF2C92F}.Release|x86.Build.0 = Release|Any CPU
		{C59019E6-BC1E-4CE2-BD4D-DBAD8BF2C92F}.TrialRelease|Any CPU.ActiveCfg = Release|Any CPU
		{C59019E6-BC1E-4CE2-BD4D-DBAD8BF2C92F}.TrialRelease|Any CPU.Build.0 = Release|Any CPU
		{C59019E6-BC1E-4CE2-BD4D-DBAD8BF2C92F}.TrialRelease|Mixed Platforms.ActiveCfg = Release|Any CPU
		{C59019E6-BC1E-4CE2-BD4D-DBAD8BF2C92F}.TrialRelease|Mixed Platforms.Build.0 = Release|Any CPU
		{C59019E6-BC1E-4CE2-BD4D-DBAD8BF2C92F}.TrialRelease|Win32.ActiveCfg = Release|Any CPU
		{C59019E6-BC1E-4CE2-BD4D-DBAD8BF2C92F}.TrialRelease|x64.ActiveCfg = Release|Any CPU
		{C59019E6-BC1E-4CE2-BD4D-DBAD8BF2C92F}.TrialRelease|x64.Build.0 = Release|Any CPU
		{C59019E6-BC1E-4CE2-BD4D-DBAD8BF2C92F}.TrialRelease|x86.ActiveCfg = Release|Any CPU
		{C59019E6-BC1E-4CE2-BD4D-DBAD8BF2C92F}.TrialRelease|x86.Build.0 = Release|Any CPU
		{F0622213-5CD0-4034-8574-45BE72AEEC57}.Debug|Any CPU.ActiveCfg = Debug|Any CPU
		{F0622213-5CD0-4034-8574-45BE72AEEC57}.Debug|Any CPU.Build.0 = Debug|Any CPU
		{F0622213-5CD0-4034-8574-45BE72AEEC57}.Debug|Mixed Platforms.ActiveCfg = Debug|Any CPU
		{F0622213-5CD0-4034-8574-45BE72AEEC57}.Debug|Mixed Platforms.Build.0 = Debug|Any CPU
		{F0622213-5CD0-4034-8574-45BE72AEEC57}.Debug|Win32.ActiveCfg = Debug|Any CPU
		{F0622213-5CD0-4034-8574-45BE72AEEC57}.Debug|x64.ActiveCfg = Debug|Any CPU
		{F0622213-5CD0-4034-8574-45BE72AEEC57}.Debug|x64.Build.0 = Debug|Any CPU
		{F0622213-5CD0-4034-8574-45BE72AEEC57}.Debug|x86.ActiveCfg = Debug|Any CPU
		{F0622213-5CD0-4034-8574-45BE72AEEC57}.Debug|x86.Build.0 = Debug|Any CPU
		{F0622213-5CD0-4034-8574-45BE72AEEC57}.Release|Any CPU.ActiveCfg = Release|Any CPU
		{F0622213-5CD0-4034-8574-45BE72AEEC57}.Release|Any CPU.Build.0 = Release|Any CPU
		{F0622213-5CD0-4034-8574-45BE72AEEC57}.Release|Mixed Platforms.ActiveCfg = Release|Any CPU
		{F0622213-5CD0-4034-8574-45BE72AEEC57}.Release|Mixed Platforms.Build.0 = Release|Any CPU
		{F0622213-5CD0-4034-8574-45BE72AEEC57}.Release|Win32.ActiveCfg = Release|Any CPU
		{F0622213-5CD0-4034-8574-45BE72AEEC57}.Release|x64.ActiveCfg = Release|Any CPU
		{F0622213-5CD0-4034-8574-45BE72AEEC57}.Release|x64.Build.0 = Release|Any CPU
		{F0622213-5CD0-4034-8574-45BE72AEEC57}.Release|x86.ActiveCfg = Release|Any CPU
		{F0622213-5CD0-4034-8574-45BE72AEEC57}.Release|x86.Build.0 = Release|Any CPU
		{F0622213-5CD0-4034-8574-45BE72AEEC57}.TrialRelease|Any CPU.ActiveCfg = Release|Any CPU
		{F0622213-5CD0-4034-8574-45BE72AEEC57}.TrialRelease|Any CPU.Build.0 = Release|Any CPU
		{F0622213-5CD0-4034-8574-45BE72AEEC57}.TrialRelease|Mixed Platforms.ActiveCfg = Release|Any CPU
		{F0622213-5CD0-4034-8574-45BE72AEEC57}.TrialRelease|Mixed Platforms.Build.0 = Release|Any CPU
		{F0622213-5CD0-4034-8574-45BE72AEEC57}.TrialRelease|Win32.ActiveCfg = Release|Any CPU
		{F0622213-5CD0-4034-8574-45BE72AEEC57}.TrialRelease|x64.ActiveCfg = Release|Any CPU
		{F0622213-5CD0-4034-8574-45BE72AEEC57}.TrialRelease|x64.Build.0 = Release|Any CPU
		{F0622213-5CD0-4034-8574-45BE72AEEC57}.TrialRelease|x86.ActiveCfg = Release|Any CPU
		{F0622213-5CD0-4034-8574-45BE72AEEC57}.TrialRelease|x86.Build.0 = Release|Any CPU
		{1C2C60CF-1168-4443-9EB6-569CAA06632B}.Debug|Any CPU.ActiveCfg = Debug|Any CPU
		{1C2C60CF-1168-4443-9EB6-569CAA06632B}.Debug|Any CPU.Build.0 = Debug|Any CPU
		{1C2C60CF-1168-4443-9EB6-569CAA06632B}.Debug|Mixed Platforms.ActiveCfg = Debug|Any CPU
		{1C2C60CF-1168-4443-9EB6-569CAA06632B}.Debug|Mixed Platforms.Build.0 = Debug|Any CPU
		{1C2C60CF-1168-4443-9EB6-569CAA06632B}.Debug|Win32.ActiveCfg = Debug|Any CPU
		{1C2C60CF-1168-4443-9EB6-569CAA06632B}.Debug|x64.ActiveCfg = Debug|Any CPU
		{1C2C60CF-1168-4443-9EB6-569CAA06632B}.Debug|x64.Build.0 = Debug|Any CPU
		{1C2C60CF-1168-4443-9EB6-569CAA06632B}.Debug|x86.ActiveCfg = Debug|Any CPU
		{1C2C60CF-1168-4443-9EB6-569CAA06632B}.Debug|x86.Build.0 = Debug|Any CPU
		{1C2C60CF-1168-4443-9EB6-569CAA06632B}.Release|Any CPU.ActiveCfg = Release|Any CPU
		{1C2C60CF-1168-4443-9EB6-569CAA06632B}.Release|Any CPU.Build.0 = Release|Any CPU
		{1C2C60CF-1168-4443-9EB6-569CAA06632B}.Release|Mixed Platforms.ActiveCfg = Release|Any CPU
		{1C2C60CF-1168-4443-9EB6-569CAA06632B}.Release|Mixed Platforms.Build.0 = Release|Any CPU
		{1C2C60CF-1168-4443-9EB6-569CAA06632B}.Release|Win32.ActiveCfg = Release|Any CPU
		{1C2C60CF-1168-4443-9EB6-569CAA06632B}.Release|x64.ActiveCfg = Release|Any CPU
		{1C2C60CF-1168-4443-9EB6-569CAA06632B}.Release|x64.Build.0 = Release|Any CPU
		{1C2C60CF-1168-4443-9EB6-569CAA06632B}.Release|x86.ActiveCfg = Release|Any CPU
		{1C2C60CF-1168-4443-9EB6-569CAA06632B}.Release|x86.Build.0 = Release|Any CPU
		{1C2C60CF-1168-4443-9EB6-569CAA06632B}.TrialRelease|Any CPU.ActiveCfg = Release|Any CPU
		{1C2C60CF-1168-4443-9EB6-569CAA06632B}.TrialRelease|Any CPU.Build.0 = Release|Any CPU
		{1C2C60CF-1168-4443-9EB6-569CAA06632B}.TrialRelease|Mixed Platforms.ActiveCfg = Release|Any CPU
		{1C2C60CF-1168-4443-9EB6-569CAA06632B}.TrialRelease|Mixed Platforms.Build.0 = Release|Any CPU
		{1C2C60CF-1168-4443-9EB6-569CAA06632B}.TrialRelease|Win32.ActiveCfg = Release|Any CPU
		{1C2C60CF-1168-4443-9EB6-569CAA06632B}.TrialRelease|x64.ActiveCfg = Release|Any CPU
		{1C2C60CF-1168-4443-9EB6-569CAA06632B}.TrialRelease|x64.Build.0 = Release|Any CPU
		{1C2C60CF-1168-4443-9EB6-569CAA06632B}.TrialRelease|x86.ActiveCfg = Release|Any CPU
		{1C2C60CF-1168-4443-9EB6-569CAA06632B}.TrialRelease|x86.Build.0 = Release|Any CPU
		{A4B32FFF-58F6-4686-AD08-BE50F2B2640F}.Debug|Any CPU.ActiveCfg = Debug|Any CPU
		{A4B32FFF-58F6-4686-AD08-BE50F2B2640F}.Debug|Any CPU.Build.0 = Debug|Any CPU
		{A4B32FFF-58F6-4686-AD08-BE50F2B2640F}.Debug|Mixed Platforms.ActiveCfg = Debug|x86
		{A4B32FFF-58F6-4686-AD08-BE50F2B2640F}.Debug|Mixed Platforms.Build.0 = Debug|x86
		{A4B32FFF-58F6-4686-AD08-BE50F2B2640F}.Debug|Win32.ActiveCfg = Debug|x86
		{A4B32FFF-58F6-4686-AD08-BE50F2B2640F}.Debug|Win32.Build.0 = Debug|x86
		{A4B32FFF-58F6-4686-AD08-BE50F2B2640F}.Debug|x64.ActiveCfg = Debug|Any CPU
		{A4B32FFF-58F6-4686-AD08-BE50F2B2640F}.Debug|x64.Build.0 = Debug|Any CPU
		{A4B32FFF-58F6-4686-AD08-BE50F2B2640F}.Debug|x86.ActiveCfg = Debug|x86
		{A4B32FFF-58F6-4686-AD08-BE50F2B2640F}.Debug|x86.Build.0 = Debug|x86
		{A4B32FFF-58F6-4686-AD08-BE50F2B2640F}.Release|Any CPU.ActiveCfg = Release|Any CPU
		{A4B32FFF-58F6-4686-AD08-BE50F2B2640F}.Release|Any CPU.Build.0 = Release|Any CPU
		{A4B32FFF-58F6-4686-AD08-BE50F2B2640F}.Release|Mixed Platforms.ActiveCfg = Release|x86
		{A4B32FFF-58F6-4686-AD08-BE50F2B2640F}.Release|Mixed Platforms.Build.0 = Release|x86
		{A4B32FFF-58F6-4686-AD08-BE50F2B2640F}.Release|Win32.ActiveCfg = Release|x86
		{A4B32FFF-58F6-4686-AD08-BE50F2B2640F}.Release|Win32.Build.0 = Release|x86
		{A4B32FFF-58F6-4686-AD08-BE50F2B2640F}.Release|x64.ActiveCfg = Release|Any CPU
		{A4B32FFF-58F6-4686-AD08-BE50F2B2640F}.Release|x64.Build.0 = Release|Any CPU
		{A4B32FFF-58F6-4686-AD08-BE50F2B2640F}.Release|x86.ActiveCfg = Release|x86
		{A4B32FFF-58F6-4686-AD08-BE50F2B2640F}.Release|x86.Build.0 = Release|x86
		{A4B32FFF-58F6-4686-AD08-BE50F2B2640F}.TrialRelease|Any CPU.ActiveCfg = Release|Any CPU
		{A4B32FFF-58F6-4686-AD08-BE50F2B2640F}.TrialRelease|Any CPU.Build.0 = Release|Any CPU
		{A4B32FFF-58F6-4686-AD08-BE50F2B2640F}.TrialRelease|Mixed Platforms.ActiveCfg = Release|x86
		{A4B32FFF-58F6-4686-AD08-BE50F2B2640F}.TrialRelease|Mixed Platforms.Build.0 = Release|x86
		{A4B32FFF-58F6-4686-AD08-BE50F2B2640F}.TrialRelease|Win32.ActiveCfg = Release|x86
		{A4B32FFF-58F6-4686-AD08-BE50F2B2640F}.TrialRelease|Win32.Build.0 = Release|x86
		{A4B32FFF-58F6-4686-AD08-BE50F2B2640F}.TrialRelease|x64.ActiveCfg = Release|Any CPU
		{A4B32FFF-58F6-4686-AD08-BE50F2B2640F}.TrialRelease|x64.Build.0 = Release|Any CPU
		{A4B32FFF-58F6-4686-AD08-BE50F2B2640F}.TrialRelease|x86.ActiveCfg = Release|x86
		{A4B32FFF-58F6-4686-AD08-BE50F2B2640F}.TrialRelease|x86.Build.0 = Release|x86
		{BF04109F-09F6-4130-BACF-D85E8285C9DD}.Debug|Any CPU.ActiveCfg = Debug|Any CPU
		{BF04109F-09F6-4130-BACF-D85E8285C9DD}.Debug|Any CPU.Build.0 = Debug|Any CPU
		{BF04109F-09F6-4130-BACF-D85E8285C9DD}.Debug|Mixed Platforms.ActiveCfg = Debug|x86
		{BF04109F-09F6-4130-BACF-D85E8285C9DD}.Debug|Mixed Platforms.Build.0 = Debug|x86
		{BF04109F-09F6-4130-BACF-D85E8285C9DD}.Debug|Win32.ActiveCfg = Debug|x86
		{BF04109F-09F6-4130-BACF-D85E8285C9DD}.Debug|Win32.Build.0 = Debug|x86
		{BF04109F-09F6-4130-BACF-D85E8285C9DD}.Debug|x64.ActiveCfg = Debug|Any CPU
		{BF04109F-09F6-4130-BACF-D85E8285C9DD}.Debug|x64.Build.0 = Debug|Any CPU
		{BF04109F-09F6-4130-BACF-D85E8285C9DD}.Debug|x86.ActiveCfg = Debug|x86
		{BF04109F-09F6-4130-BACF-D85E8285C9DD}.Debug|x86.Build.0 = Debug|x86
		{BF04109F-09F6-4130-BACF-D85E8285C9DD}.Release|Any CPU.ActiveCfg = Release|Any CPU
		{BF04109F-09F6-4130-BACF-D85E8285C9DD}.Release|Any CPU.Build.0 = Release|Any CPU
		{BF04109F-09F6-4130-BACF-D85E8285C9DD}.Release|Mixed Platforms.ActiveCfg = Release|x86
		{BF04109F-09F6-4130-BACF-D85E8285C9DD}.Release|Mixed Platforms.Build.0 = Release|x86
		{BF04109F-09F6-4130-BACF-D85E8285C9DD}.Release|Win32.ActiveCfg = Release|x86
		{BF04109F-09F6-4130-BACF-D85E8285C9DD}.Release|Win32.Build.0 = Release|x86
		{BF04109F-09F6-4130-BACF-D85E8285C9DD}.Release|x64.ActiveCfg = Release|Any CPU
		{BF04109F-09F6-4130-BACF-D85E8285C9DD}.Release|x64.Build.0 = Release|Any CPU
		{BF04109F-09F6-4130-BACF-D85E8285C9DD}.Release|x86.ActiveCfg = Release|x86
		{BF04109F-09F6-4130-BACF-D85E8285C9DD}.Release|x86.Build.0 = Release|x86
		{BF04109F-09F6-4130-BACF-D85E8285C9DD}.TrialRelease|Any CPU.ActiveCfg = Release|Any CPU
		{BF04109F-09F6-4130-BACF-D85E8285C9DD}.TrialRelease|Any CPU.Build.0 = Release|Any CPU
		{BF04109F-09F6-4130-BACF-D85E8285C9DD}.TrialRelease|Mixed Platforms.ActiveCfg = Release|x86
		{BF04109F-09F6-4130-BACF-D85E8285C9DD}.TrialRelease|Mixed Platforms.Build.0 = Release|x86
		{BF04109F-09F6-4130-BACF-D85E8285C9DD}.TrialRelease|Win32.ActiveCfg = Release|x86
		{BF04109F-09F6-4130-BACF-D85E8285C9DD}.TrialRelease|Win32.Build.0 = Release|x86
		{BF04109F-09F6-4130-BACF-D85E8285C9DD}.TrialRelease|x64.ActiveCfg = Release|Any CPU
		{BF04109F-09F6-4130-BACF-D85E8285C9DD}.TrialRelease|x64.Build.0 = Release|Any CPU
		{BF04109F-09F6-4130-BACF-D85E8285C9DD}.TrialRelease|x86.ActiveCfg = Release|x86
		{BF04109F-09F6-4130-BACF-D85E8285C9DD}.TrialRelease|x86.Build.0 = Release|x86
		{397B59A4-6C99-4C64-870B-F7B637E1A031}.Debug|Any CPU.ActiveCfg = Debug|Any CPU
		{397B59A4-6C99-4C64-870B-F7B637E1A031}.Debug|Any CPU.Build.0 = Debug|Any CPU
		{397B59A4-6C99-4C64-870B-F7B637E1A031}.Debug|Mixed Platforms.ActiveCfg = Debug|Any CPU
		{397B59A4-6C99-4C64-870B-F7B637E1A031}.Debug|Mixed Platforms.Build.0 = Debug|Any CPU
		{397B59A4-6C99-4C64-870B-F7B637E1A031}.Debug|Win32.ActiveCfg = Debug|Any CPU
		{397B59A4-6C99-4C64-870B-F7B637E1A031}.Debug|x64.ActiveCfg = Debug|Any CPU
		{397B59A4-6C99-4C64-870B-F7B637E1A031}.Debug|x64.Build.0 = Debug|Any CPU
		{397B59A4-6C99-4C64-870B-F7B637E1A031}.Debug|x86.ActiveCfg = Debug|Any CPU
		{397B59A4-6C99-4C64-870B-F7B637E1A031}.Release|Any CPU.ActiveCfg = Release|Any CPU
		{397B59A4-6C99-4C64-870B-F7B637E1A031}.Release|Any CPU.Build.0 = Release|Any CPU
		{397B59A4-6C99-4C64-870B-F7B637E1A031}.Release|Mixed Platforms.ActiveCfg = Release|Any CPU
		{397B59A4-6C99-4C64-870B-F7B637E1A031}.Release|Mixed Platforms.Build.0 = Release|Any CPU
		{397B59A4-6C99-4C64-870B-F7B637E1A031}.Release|Win32.ActiveCfg = Release|Any CPU
		{397B59A4-6C99-4C64-870B-F7B637E1A031}.Release|x64.ActiveCfg = Release|Any CPU
		{397B59A4-6C99-4C64-870B-F7B637E1A031}.Release|x64.Build.0 = Release|Any CPU
		{397B59A4-6C99-4C64-870B-F7B637E1A031}.Release|x86.ActiveCfg = Release|Any CPU
		{397B59A4-6C99-4C64-870B-F7B637E1A031}.TrialRelease|Any CPU.ActiveCfg = TrialRelease|Any CPU
		{397B59A4-6C99-4C64-870B-F7B637E1A031}.TrialRelease|Any CPU.Build.0 = TrialRelease|Any CPU
		{397B59A4-6C99-4C64-870B-F7B637E1A031}.TrialRelease|Mixed Platforms.ActiveCfg = TrialRelease|Any CPU
		{397B59A4-6C99-4C64-870B-F7B637E1A031}.TrialRelease|Mixed Platforms.Build.0 = TrialRelease|Any CPU
		{397B59A4-6C99-4C64-870B-F7B637E1A031}.TrialRelease|Win32.ActiveCfg = TrialRelease|Any CPU
		{397B59A4-6C99-4C64-870B-F7B637E1A031}.TrialRelease|x64.ActiveCfg = TrialRelease|Any CPU
		{397B59A4-6C99-4C64-870B-F7B637E1A031}.TrialRelease|x64.Build.0 = TrialRelease|Any CPU
		{397B59A4-6C99-4C64-870B-F7B637E1A031}.TrialRelease|x86.ActiveCfg = TrialRelease|Any CPU
		{29782A9F-11D4-415E-A6BC-28714945C79E}.Debug|Any CPU.ActiveCfg = Debug|Any CPU
		{29782A9F-11D4-415E-A6BC-28714945C79E}.Debug|Any CPU.Build.0 = Debug|Any CPU
		{29782A9F-11D4-415E-A6BC-28714945C79E}.Debug|Mixed Platforms.ActiveCfg = Debug|Any CPU
		{29782A9F-11D4-415E-A6BC-28714945C79E}.Debug|Mixed Platforms.Build.0 = Debug|Any CPU
		{29782A9F-11D4-415E-A6BC-28714945C79E}.Debug|Win32.ActiveCfg = Debug|Any CPU
		{29782A9F-11D4-415E-A6BC-28714945C79E}.Debug|Win32.Build.0 = Debug|Any CPU
		{29782A9F-11D4-415E-A6BC-28714945C79E}.Debug|x64.ActiveCfg = Debug|Any CPU
		{29782A9F-11D4-415E-A6BC-28714945C79E}.Debug|x64.Build.0 = Debug|Any CPU
		{29782A9F-11D4-415E-A6BC-28714945C79E}.Debug|x86.ActiveCfg = Debug|Any CPU
		{29782A9F-11D4-415E-A6BC-28714945C79E}.Debug|x86.Build.0 = Debug|Any CPU
		{29782A9F-11D4-415E-A6BC-28714945C79E}.Release|Any CPU.ActiveCfg = Release|Any CPU
		{29782A9F-11D4-415E-A6BC-28714945C79E}.Release|Any CPU.Build.0 = Release|Any CPU
		{29782A9F-11D4-415E-A6BC-28714945C79E}.Release|Mixed Platforms.ActiveCfg = Release|Any CPU
		{29782A9F-11D4-415E-A6BC-28714945C79E}.Release|Mixed Platforms.Build.0 = Release|Any CPU
		{29782A9F-11D4-415E-A6BC-28714945C79E}.Release|Win32.ActiveCfg = Release|Any CPU
		{29782A9F-11D4-415E-A6BC-28714945C79E}.Release|Win32.Build.0 = Release|Any CPU
		{29782A9F-11D4-415E-A6BC-28714945C79E}.Release|x64.ActiveCfg = Release|Any CPU
		{29782A9F-11D4-415E-A6BC-28714945C79E}.Release|x64.Build.0 = Release|Any CPU
		{29782A9F-11D4-415E-A6BC-28714945C79E}.Release|x86.ActiveCfg = Release|Any CPU
		{29782A9F-11D4-415E-A6BC-28714945C79E}.Release|x86.Build.0 = Release|Any CPU
		{29782A9F-11D4-415E-A6BC-28714945C79E}.TrialRelease|Any CPU.ActiveCfg = Release|Any CPU
		{29782A9F-11D4-415E-A6BC-28714945C79E}.TrialRelease|Any CPU.Build.0 = Release|Any CPU
		{29782A9F-11D4-415E-A6BC-28714945C79E}.TrialRelease|Mixed Platforms.ActiveCfg = Release|Any CPU
		{29782A9F-11D4-415E-A6BC-28714945C79E}.TrialRelease|Mixed Platforms.Build.0 = Release|Any CPU
		{29782A9F-11D4-415E-A6BC-28714945C79E}.TrialRelease|Win32.ActiveCfg = Release|Any CPU
		{29782A9F-11D4-415E-A6BC-28714945C79E}.TrialRelease|Win32.Build.0 = Release|Any CPU
		{29782A9F-11D4-415E-A6BC-28714945C79E}.TrialRelease|x64.ActiveCfg = Release|Any CPU
		{29782A9F-11D4-415E-A6BC-28714945C79E}.TrialRelease|x64.Build.0 = Release|Any CPU
		{29782A9F-11D4-415E-A6BC-28714945C79E}.TrialRelease|x86.ActiveCfg = Release|Any CPU
		{29782A9F-11D4-415E-A6BC-28714945C79E}.TrialRelease|x86.Build.0 = Release|Any CPU
		{4129BD98-73B7-4023-A14E-14203D982064}.Debug|Any CPU.ActiveCfg = Debug|Any CPU
		{4129BD98-73B7-4023-A14E-14203D982064}.Debug|Any CPU.Build.0 = Debug|Any CPU
		{4129BD98-73B7-4023-A14E-14203D982064}.Debug|Mixed Platforms.ActiveCfg = Debug|Any CPU
		{4129BD98-73B7-4023-A14E-14203D982064}.Debug|Mixed Platforms.Build.0 = Debug|Any CPU
		{4129BD98-73B7-4023-A14E-14203D982064}.Debug|Win32.ActiveCfg = Debug|Any CPU
		{4129BD98-73B7-4023-A14E-14203D982064}.Debug|Win32.Build.0 = Debug|Any CPU
		{4129BD98-73B7-4023-A14E-14203D982064}.Debug|x64.ActiveCfg = Debug|Any CPU
		{4129BD98-73B7-4023-A14E-14203D982064}.Debug|x64.Build.0 = Debug|Any CPU
		{4129BD98-73B7-4023-A14E-14203D982064}.Debug|x86.ActiveCfg = Debug|Any CPU
		{4129BD98-73B7-4023-A14E-14203D982064}.Debug|x86.Build.0 = Debug|Any CPU
		{4129BD98-73B7-4023-A14E-14203D982064}.Release|Any CPU.ActiveCfg = Release|Any CPU
		{4129BD98-73B7-4023-A14E-14203D982064}.Release|Any CPU.Build.0 = Release|Any CPU
		{4129BD98-73B7-4023-A14E-14203D982064}.Release|Mixed Platforms.ActiveCfg = Release|Any CPU
		{4129BD98-73B7-4023-A14E-14203D982064}.Release|Mixed Platforms.Build.0 = Release|Any CPU
		{4129BD98-73B7-4023-A14E-14203D982064}.Release|Win32.ActiveCfg = Release|Any CPU
		{4129BD98-73B7-4023-A14E-14203D982064}.Release|Win32.Build.0 = Release|Any CPU
		{4129BD98-73B7-4023-A14E-14203D982064}.Release|x64.ActiveCfg = Release|Any CPU
		{4129BD98-73B7-4023-A14E-14203D982064}.Release|x64.Build.0 = Release|Any CPU
		{4129BD98-73B7-4023-A14E-14203D982064}.Release|x86.ActiveCfg = Release|Any CPU
		{4129BD98-73B7-4023-A14E-14203D982064}.Release|x86.Build.0 = Release|Any CPU
		{4129BD98-73B7-4023-A14E-14203D982064}.TrialRelease|Any CPU.ActiveCfg = TrialRelease|Any CPU
		{4129BD98-73B7-4023-A14E-14203D982064}.TrialRelease|Any CPU.Build.0 = TrialRelease|Any CPU
		{4129BD98-73B7-4023-A14E-14203D982064}.TrialRelease|Mixed Platforms.ActiveCfg = TrialRelease|Any CPU
		{4129BD98-73B7-4023-A14E-14203D982064}.TrialRelease|Mixed Platforms.Build.0 = TrialRelease|Any CPU
		{4129BD98-73B7-4023-A14E-14203D982064}.TrialRelease|Win32.ActiveCfg = TrialRelease|Any CPU
		{4129BD98-73B7-4023-A14E-14203D982064}.TrialRelease|Win32.Build.0 = TrialRelease|Any CPU
		{4129BD98-73B7-4023-A14E-14203D982064}.TrialRelease|x64.ActiveCfg = TrialRelease|Any CPU
		{4129BD98-73B7-4023-A14E-14203D982064}.TrialRelease|x64.Build.0 = TrialRelease|Any CPU
		{4129BD98-73B7-4023-A14E-14203D982064}.TrialRelease|x86.ActiveCfg = TrialRelease|Any CPU
		{4129BD98-73B7-4023-A14E-14203D982064}.TrialRelease|x86.Build.0 = TrialRelease|Any CPU
		{4E58A17B-AE13-46CC-88E6-90FC892F04C5}.Debug|Any CPU.ActiveCfg = Debug|Any CPU
		{4E58A17B-AE13-46CC-88E6-90FC892F04C5}.Debug|Any CPU.Build.0 = Debug|Any CPU
		{4E58A17B-AE13-46CC-88E6-90FC892F04C5}.Debug|Mixed Platforms.ActiveCfg = Debug|Any CPU
		{4E58A17B-AE13-46CC-88E6-90FC892F04C5}.Debug|Mixed Platforms.Build.0 = Debug|Any CPU
		{4E58A17B-AE13-46CC-88E6-90FC892F04C5}.Debug|Win32.ActiveCfg = Debug|Any CPU
		{4E58A17B-AE13-46CC-88E6-90FC892F04C5}.Debug|Win32.Build.0 = Debug|Any CPU
		{4E58A17B-AE13-46CC-88E6-90FC892F04C5}.Debug|x64.ActiveCfg = Debug|Any CPU
		{4E58A17B-AE13-46CC-88E6-90FC892F04C5}.Debug|x64.Build.0 = Debug|Any CPU
		{4E58A17B-AE13-46CC-88E6-90FC892F04C5}.Debug|x86.ActiveCfg = Debug|Any CPU
		{4E58A17B-AE13-46CC-88E6-90FC892F04C5}.Debug|x86.Build.0 = Debug|Any CPU
		{4E58A17B-AE13-46CC-88E6-90FC892F04C5}.Release|Any CPU.ActiveCfg = Release|Any CPU
		{4E58A17B-AE13-46CC-88E6-90FC892F04C5}.Release|Any CPU.Build.0 = Release|Any CPU
		{4E58A17B-AE13-46CC-88E6-90FC892F04C5}.Release|Mixed Platforms.ActiveCfg = Release|Any CPU
		{4E58A17B-AE13-46CC-88E6-90FC892F04C5}.Release|Mixed Platforms.Build.0 = Release|Any CPU
		{4E58A17B-AE13-46CC-88E6-90FC892F04C5}.Release|Win32.ActiveCfg = Release|Any CPU
		{4E58A17B-AE13-46CC-88E6-90FC892F04C5}.Release|Win32.Build.0 = Release|Any CPU
		{4E58A17B-AE13-46CC-88E6-90FC892F04C5}.Release|x64.ActiveCfg = Release|Any CPU
		{4E58A17B-AE13-46CC-88E6-90FC892F04C5}.Release|x64.Build.0 = Release|Any CPU
		{4E58A17B-AE13-46CC-88E6-90FC892F04C5}.Release|x86.ActiveCfg = Release|Any CPU
		{4E58A17B-AE13-46CC-88E6-90FC892F04C5}.Release|x86.Build.0 = Release|Any CPU
		{4E58A17B-AE13-46CC-88E6-90FC892F04C5}.TrialRelease|Any CPU.ActiveCfg = Release|Any CPU
		{4E58A17B-AE13-46CC-88E6-90FC892F04C5}.TrialRelease|Any CPU.Build.0 = Release|Any CPU
		{4E58A17B-AE13-46CC-88E6-90FC892F04C5}.TrialRelease|Mixed Platforms.ActiveCfg = Release|Any CPU
		{4E58A17B-AE13-46CC-88E6-90FC892F04C5}.TrialRelease|Mixed Platforms.Build.0 = Release|Any CPU
		{4E58A17B-AE13-46CC-88E6-90FC892F04C5}.TrialRelease|Win32.ActiveCfg = Release|Any CPU
		{4E58A17B-AE13-46CC-88E6-90FC892F04C5}.TrialRelease|Win32.Build.0 = Release|Any CPU
		{4E58A17B-AE13-46CC-88E6-90FC892F04C5}.TrialRelease|x64.ActiveCfg = Release|Any CPU
		{4E58A17B-AE13-46CC-88E6-90FC892F04C5}.TrialRelease|x64.Build.0 = Release|Any CPU
		{4E58A17B-AE13-46CC-88E6-90FC892F04C5}.TrialRelease|x86.ActiveCfg = Release|Any CPU
		{4E58A17B-AE13-46CC-88E6-90FC892F04C5}.TrialRelease|x86.Build.0 = Release|Any CPU
		{8A18AB73-1CEE-4B84-B019-244263AA4420}.Debug|Any CPU.ActiveCfg = Debug|Any CPU
		{8A18AB73-1CEE-4B84-B019-244263AA4420}.Debug|Any CPU.Build.0 = Debug|Any CPU
		{8A18AB73-1CEE-4B84-B019-244263AA4420}.Debug|Mixed Platforms.ActiveCfg = Debug|Any CPU
		{8A18AB73-1CEE-4B84-B019-244263AA4420}.Debug|Mixed Platforms.Build.0 = Debug|Any CPU
		{8A18AB73-1CEE-4B84-B019-244263AA4420}.Debug|Win32.ActiveCfg = Debug|Any CPU
		{8A18AB73-1CEE-4B84-B019-244263AA4420}.Debug|Win32.Build.0 = Debug|Any CPU
		{8A18AB73-1CEE-4B84-B019-244263AA4420}.Debug|x64.ActiveCfg = Debug|Any CPU
		{8A18AB73-1CEE-4B84-B019-244263AA4420}.Debug|x64.Build.0 = Debug|Any CPU
		{8A18AB73-1CEE-4B84-B019-244263AA4420}.Debug|x86.ActiveCfg = Debug|Any CPU
		{8A18AB73-1CEE-4B84-B019-244263AA4420}.Debug|x86.Build.0 = Debug|Any CPU
		{8A18AB73-1CEE-4B84-B019-244263AA4420}.Release|Any CPU.ActiveCfg = Release|Any CPU
		{8A18AB73-1CEE-4B84-B019-244263AA4420}.Release|Any CPU.Build.0 = Release|Any CPU
		{8A18AB73-1CEE-4B84-B019-244263AA4420}.Release|Mixed Platforms.ActiveCfg = Release|Any CPU
		{8A18AB73-1CEE-4B84-B019-244263AA4420}.Release|Mixed Platforms.Build.0 = Release|Any CPU
		{8A18AB73-1CEE-4B84-B019-244263AA4420}.Release|Win32.ActiveCfg = Release|Any CPU
		{8A18AB73-1CEE-4B84-B019-244263AA4420}.Release|Win32.Build.0 = Release|Any CPU
		{8A18AB73-1CEE-4B84-B019-244263AA4420}.Release|x64.ActiveCfg = Release|Any CPU
		{8A18AB73-1CEE-4B84-B019-244263AA4420}.Release|x64.Build.0 = Release|Any CPU
		{8A18AB73-1CEE-4B84-B019-244263AA4420}.Release|x86.ActiveCfg = Release|Any CPU
		{8A18AB73-1CEE-4B84-B019-244263AA4420}.Release|x86.Build.0 = Release|Any CPU
		{8A18AB73-1CEE-4B84-B019-244263AA4420}.TrialRelease|Any CPU.ActiveCfg = Release|Any CPU
		{8A18AB73-1CEE-4B84-B019-244263AA4420}.TrialRelease|Any CPU.Build.0 = Release|Any CPU
		{8A18AB73-1CEE-4B84-B019-244263AA4420}.TrialRelease|Mixed Platforms.ActiveCfg = Release|Any CPU
		{8A18AB73-1CEE-4B84-B019-244263AA4420}.TrialRelease|Mixed Platforms.Build.0 = Release|Any CPU
		{8A18AB73-1CEE-4B84-B019-244263AA4420}.TrialRelease|Win32.ActiveCfg = Release|Any CPU
		{8A18AB73-1CEE-4B84-B019-244263AA4420}.TrialRelease|Win32.Build.0 = Release|Any CPU
		{8A18AB73-1CEE-4B84-B019-244263AA4420}.TrialRelease|x64.ActiveCfg = Release|Any CPU
		{8A18AB73-1CEE-4B84-B019-244263AA4420}.TrialRelease|x64.Build.0 = Release|Any CPU
		{8A18AB73-1CEE-4B84-B019-244263AA4420}.TrialRelease|x86.ActiveCfg = Release|Any CPU
		{8A18AB73-1CEE-4B84-B019-244263AA4420}.TrialRelease|x86.Build.0 = Release|Any CPU
		{7AB658DF-1508-4380-B831-B62C98C33AB8}.Debug|Any CPU.ActiveCfg = Debug|Any CPU
		{7AB658DF-1508-4380-B831-B62C98C33AB8}.Debug|Any CPU.Build.0 = Debug|Any CPU
		{7AB658DF-1508-4380-B831-B62C98C33AB8}.Debug|Mixed Platforms.ActiveCfg = Debug|Any CPU
		{7AB658DF-1508-4380-B831-B62C98C33AB8}.Debug|Mixed Platforms.Build.0 = Debug|Any CPU
		{7AB658DF-1508-4380-B831-B62C98C33AB8}.Debug|Win32.ActiveCfg = Debug|Any CPU
		{7AB658DF-1508-4380-B831-B62C98C33AB8}.Debug|Win32.Build.0 = Debug|Any CPU
		{7AB658DF-1508-4380-B831-B62C98C33AB8}.Debug|x64.ActiveCfg = Debug|Any CPU
		{7AB658DF-1508-4380-B831-B62C98C33AB8}.Debug|x64.Build.0 = Debug|Any CPU
		{7AB658DF-1508-4380-B831-B62C98C33AB8}.Debug|x86.ActiveCfg = Debug|Any CPU
		{7AB658DF-1508-4380-B831-B62C98C33AB8}.Debug|x86.Build.0 = Debug|Any CPU
		{7AB658DF-1508-4380-B831-B62C98C33AB8}.Release|Any CPU.ActiveCfg = Release|Any CPU
		{7AB658DF-1508-4380-B831-B62C98C33AB8}.Release|Any CPU.Build.0 = Release|Any CPU
		{7AB658DF-1508-4380-B831-B62C98C33AB8}.Release|Mixed Platforms.ActiveCfg = Release|Any CPU
		{7AB658DF-1508-4380-B831-B62C98C33AB8}.Release|Mixed Platforms.Build.0 = Release|Any CPU
		{7AB658DF-1508-4380-B831-B62C98C33AB8}.Release|Win32.ActiveCfg = Release|Any CPU
		{7AB658DF-1508-4380-B831-B62C98C33AB8}.Release|Win32.Build.0 = Release|Any CPU
		{7AB658DF-1508-4380-B831-B62C98C33AB8}.Release|x64.ActiveCfg = Release|Any CPU
		{7AB658DF-1508-4380-B831-B62C98C33AB8}.Release|x64.Build.0 = Release|Any CPU
		{7AB658DF-1508-4380-B831-B62C98C33AB8}.Release|x86.ActiveCfg = Release|Any CPU
		{7AB658DF-1508-4380-B831-B62C98C33AB8}.Release|x86.Build.0 = Release|Any CPU
		{7AB658DF-1508-4380-B831-B62C98C33AB8}.TrialRelease|Any CPU.ActiveCfg = Release|Any CPU
		{7AB658DF-1508-4380-B831-B62C98C33AB8}.TrialRelease|Any CPU.Build.0 = Release|Any CPU
		{7AB658DF-1508-4380-B831-B62C98C33AB8}.TrialRelease|Mixed Platforms.ActiveCfg = Release|Any CPU
		{7AB658DF-1508-4380-B831-B62C98C33AB8}.TrialRelease|Mixed Platforms.Build.0 = Release|Any CPU
		{7AB658DF-1508-4380-B831-B62C98C33AB8}.TrialRelease|Win32.ActiveCfg = Release|Any CPU
		{7AB658DF-1508-4380-B831-B62C98C33AB8}.TrialRelease|Win32.Build.0 = Release|Any CPU
		{7AB658DF-1508-4380-B831-B62C98C33AB8}.TrialRelease|x64.ActiveCfg = Release|Any CPU
		{7AB658DF-1508-4380-B831-B62C98C33AB8}.TrialRelease|x64.Build.0 = Release|Any CPU
		{7AB658DF-1508-4380-B831-B62C98C33AB8}.TrialRelease|x86.ActiveCfg = Release|Any CPU
		{7AB658DF-1508-4380-B831-B62C98C33AB8}.TrialRelease|x86.Build.0 = Release|Any CPU
		{366AB6D7-8336-451D-9EFF-0663082EA99A}.Debug|Any CPU.ActiveCfg = Debug|Any CPU
		{366AB6D7-8336-451D-9EFF-0663082EA99A}.Debug|Any CPU.Build.0 = Debug|Any CPU
		{366AB6D7-8336-451D-9EFF-0663082EA99A}.Debug|Mixed Platforms.ActiveCfg = Debug|Any CPU
		{366AB6D7-8336-451D-9EFF-0663082EA99A}.Debug|Mixed Platforms.Build.0 = Debug|Any CPU
		{366AB6D7-8336-451D-9EFF-0663082EA99A}.Debug|Win32.ActiveCfg = Debug|Any CPU
		{366AB6D7-8336-451D-9EFF-0663082EA99A}.Debug|Win32.Build.0 = Debug|Any CPU
		{366AB6D7-8336-451D-9EFF-0663082EA99A}.Debug|x64.ActiveCfg = Debug|Any CPU
		{366AB6D7-8336-451D-9EFF-0663082EA99A}.Debug|x64.Build.0 = Debug|Any CPU
		{366AB6D7-8336-451D-9EFF-0663082EA99A}.Debug|x86.ActiveCfg = Debug|Any CPU
		{366AB6D7-8336-451D-9EFF-0663082EA99A}.Debug|x86.Build.0 = Debug|Any CPU
		{366AB6D7-8336-451D-9EFF-0663082EA99A}.Release|Any CPU.ActiveCfg = Release|Any CPU
		{366AB6D7-8336-451D-9EFF-0663082EA99A}.Release|Any CPU.Build.0 = Release|Any CPU
		{366AB6D7-8336-451D-9EFF-0663082EA99A}.Release|Mixed Platforms.ActiveCfg = Release|Any CPU
		{366AB6D7-8336-451D-9EFF-0663082EA99A}.Release|Mixed Platforms.Build.0 = Release|Any CPU
		{366AB6D7-8336-451D-9EFF-0663082EA99A}.Release|Win32.ActiveCfg = Release|Any CPU
		{366AB6D7-8336-451D-9EFF-0663082EA99A}.Release|Win32.Build.0 = Release|Any CPU
		{366AB6D7-8336-451D-9EFF-0663082EA99A}.Release|x64.ActiveCfg = Release|Any CPU
		{366AB6D7-8336-451D-9EFF-0663082EA99A}.Release|x64.Build.0 = Release|Any CPU
		{366AB6D7-8336-451D-9EFF-0663082EA99A}.Release|x86.ActiveCfg = Release|Any CPU
		{366AB6D7-8336-451D-9EFF-0663082EA99A}.Release|x86.Build.0 = Release|Any CPU
		{366AB6D7-8336-451D-9EFF-0663082EA99A}.TrialRelease|Any CPU.ActiveCfg = Release|Any CPU
		{366AB6D7-8336-451D-9EFF-0663082EA99A}.TrialRelease|Any CPU.Build.0 = Release|Any CPU
		{366AB6D7-8336-451D-9EFF-0663082EA99A}.TrialRelease|Mixed Platforms.ActiveCfg = Release|Any CPU
		{366AB6D7-8336-451D-9EFF-0663082EA99A}.TrialRelease|Mixed Platforms.Build.0 = Release|Any CPU
		{366AB6D7-8336-451D-9EFF-0663082EA99A}.TrialRelease|Win32.ActiveCfg = Release|Any CPU
		{366AB6D7-8336-451D-9EFF-0663082EA99A}.TrialRelease|Win32.Build.0 = Release|Any CPU
		{366AB6D7-8336-451D-9EFF-0663082EA99A}.TrialRelease|x64.ActiveCfg = Release|Any CPU
		{366AB6D7-8336-451D-9EFF-0663082EA99A}.TrialRelease|x64.Build.0 = Release|Any CPU
		{366AB6D7-8336-451D-9EFF-0663082EA99A}.TrialRelease|x86.ActiveCfg = Release|Any CPU
		{366AB6D7-8336-451D-9EFF-0663082EA99A}.TrialRelease|x86.Build.0 = Release|Any CPU
		{9D1D6409-EE60-4905-BC58-A53D53AE3B13}.Debug|Any CPU.ActiveCfg = Debug|Any CPU
		{9D1D6409-EE60-4905-BC58-A53D53AE3B13}.Debug|Any CPU.Build.0 = Debug|Any CPU
		{9D1D6409-EE60-4905-BC58-A53D53AE3B13}.Debug|Mixed Platforms.ActiveCfg = Debug|Any CPU
		{9D1D6409-EE60-4905-BC58-A53D53AE3B13}.Debug|Mixed Platforms.Build.0 = Debug|Any CPU
		{9D1D6409-EE60-4905-BC58-A53D53AE3B13}.Debug|Win32.ActiveCfg = Debug|Any CPU
		{9D1D6409-EE60-4905-BC58-A53D53AE3B13}.Debug|Win32.Build.0 = Debug|Any CPU
		{9D1D6409-EE60-4905-BC58-A53D53AE3B13}.Debug|x64.ActiveCfg = Debug|Any CPU
		{9D1D6409-EE60-4905-BC58-A53D53AE3B13}.Debug|x64.Build.0 = Debug|Any CPU
		{9D1D6409-EE60-4905-BC58-A53D53AE3B13}.Debug|x86.ActiveCfg = Debug|Any CPU
		{9D1D6409-EE60-4905-BC58-A53D53AE3B13}.Debug|x86.Build.0 = Debug|Any CPU
		{9D1D6409-EE60-4905-BC58-A53D53AE3B13}.Release|Any CPU.ActiveCfg = Release|Any CPU
		{9D1D6409-EE60-4905-BC58-A53D53AE3B13}.Release|Any CPU.Build.0 = Release|Any CPU
		{9D1D6409-EE60-4905-BC58-A53D53AE3B13}.Release|Mixed Platforms.ActiveCfg = Release|Any CPU
		{9D1D6409-EE60-4905-BC58-A53D53AE3B13}.Release|Mixed Platforms.Build.0 = Release|Any CPU
		{9D1D6409-EE60-4905-BC58-A53D53AE3B13}.Release|Win32.ActiveCfg = Release|Any CPU
		{9D1D6409-EE60-4905-BC58-A53D53AE3B13}.Release|Win32.Build.0 = Release|Any CPU
		{9D1D6409-EE60-4905-BC58-A53D53AE3B13}.Release|x64.ActiveCfg = Release|Any CPU
		{9D1D6409-EE60-4905-BC58-A53D53AE3B13}.Release|x64.Build.0 = Release|Any CPU
		{9D1D6409-EE60-4905-BC58-A53D53AE3B13}.Release|x86.ActiveCfg = Release|Any CPU
		{9D1D6409-EE60-4905-BC58-A53D53AE3B13}.Release|x86.Build.0 = Release|Any CPU
		{9D1D6409-EE60-4905-BC58-A53D53AE3B13}.TrialRelease|Any CPU.ActiveCfg = Release|Any CPU
		{9D1D6409-EE60-4905-BC58-A53D53AE3B13}.TrialRelease|Any CPU.Build.0 = Release|Any CPU
		{9D1D6409-EE60-4905-BC58-A53D53AE3B13}.TrialRelease|Mixed Platforms.ActiveCfg = Release|Any CPU
		{9D1D6409-EE60-4905-BC58-A53D53AE3B13}.TrialRelease|Mixed Platforms.Build.0 = Release|Any CPU
		{9D1D6409-EE60-4905-BC58-A53D53AE3B13}.TrialRelease|Win32.ActiveCfg = Release|Any CPU
		{9D1D6409-EE60-4905-BC58-A53D53AE3B13}.TrialRelease|Win32.Build.0 = Release|Any CPU
		{9D1D6409-EE60-4905-BC58-A53D53AE3B13}.TrialRelease|x64.ActiveCfg = Release|Any CPU
		{9D1D6409-EE60-4905-BC58-A53D53AE3B13}.TrialRelease|x64.Build.0 = Release|Any CPU
		{9D1D6409-EE60-4905-BC58-A53D53AE3B13}.TrialRelease|x86.ActiveCfg = Release|Any CPU
		{9D1D6409-EE60-4905-BC58-A53D53AE3B13}.TrialRelease|x86.Build.0 = Release|Any CPU
		{4BD182AB-D9AE-4468-B980-0BA508D2AA76}.Debug|Any CPU.ActiveCfg = Debug|Any CPU
		{4BD182AB-D9AE-4468-B980-0BA508D2AA76}.Debug|Any CPU.Build.0 = Debug|Any CPU
		{4BD182AB-D9AE-4468-B980-0BA508D2AA76}.Debug|Mixed Platforms.ActiveCfg = Debug|x86
		{4BD182AB-D9AE-4468-B980-0BA508D2AA76}.Debug|Mixed Platforms.Build.0 = Debug|x86
		{4BD182AB-D9AE-4468-B980-0BA508D2AA76}.Debug|Win32.ActiveCfg = Debug|x86
		{4BD182AB-D9AE-4468-B980-0BA508D2AA76}.Debug|Win32.Build.0 = Debug|x86
		{4BD182AB-D9AE-4468-B980-0BA508D2AA76}.Debug|x64.ActiveCfg = Debug|x64
		{4BD182AB-D9AE-4468-B980-0BA508D2AA76}.Debug|x64.Build.0 = Debug|x64
		{4BD182AB-D9AE-4468-B980-0BA508D2AA76}.Debug|x86.ActiveCfg = Debug|x86
		{4BD182AB-D9AE-4468-B980-0BA508D2AA76}.Debug|x86.Build.0 = Debug|x86
		{4BD182AB-D9AE-4468-B980-0BA508D2AA76}.Release|Any CPU.ActiveCfg = Release|Any CPU
		{4BD182AB-D9AE-4468-B980-0BA508D2AA76}.Release|Any CPU.Build.0 = Release|Any CPU
		{4BD182AB-D9AE-4468-B980-0BA508D2AA76}.Release|Mixed Platforms.ActiveCfg = Release|x86
		{4BD182AB-D9AE-4468-B980-0BA508D2AA76}.Release|Mixed Platforms.Build.0 = Release|x86
		{4BD182AB-D9AE-4468-B980-0BA508D2AA76}.Release|Win32.ActiveCfg = Release|x86
		{4BD182AB-D9AE-4468-B980-0BA508D2AA76}.Release|Win32.Build.0 = Release|x86
		{4BD182AB-D9AE-4468-B980-0BA508D2AA76}.Release|x64.ActiveCfg = Release|x64
		{4BD182AB-D9AE-4468-B980-0BA508D2AA76}.Release|x64.Build.0 = Release|x64
		{4BD182AB-D9AE-4468-B980-0BA508D2AA76}.Release|x86.ActiveCfg = Release|x86
		{4BD182AB-D9AE-4468-B980-0BA508D2AA76}.Release|x86.Build.0 = Release|x86
		{4BD182AB-D9AE-4468-B980-0BA508D2AA76}.TrialRelease|Any CPU.ActiveCfg = Release|Any CPU
		{4BD182AB-D9AE-4468-B980-0BA508D2AA76}.TrialRelease|Any CPU.Build.0 = Release|Any CPU
		{4BD182AB-D9AE-4468-B980-0BA508D2AA76}.TrialRelease|Mixed Platforms.ActiveCfg = Release|x86
		{4BD182AB-D9AE-4468-B980-0BA508D2AA76}.TrialRelease|Mixed Platforms.Build.0 = Release|x86
		{4BD182AB-D9AE-4468-B980-0BA508D2AA76}.TrialRelease|Win32.ActiveCfg = Release|x86
		{4BD182AB-D9AE-4468-B980-0BA508D2AA76}.TrialRelease|Win32.Build.0 = Release|x86
		{4BD182AB-D9AE-4468-B980-0BA508D2AA76}.TrialRelease|x64.ActiveCfg = Release|x64
		{4BD182AB-D9AE-4468-B980-0BA508D2AA76}.TrialRelease|x64.Build.0 = Release|x64
		{4BD182AB-D9AE-4468-B980-0BA508D2AA76}.TrialRelease|x86.ActiveCfg = Release|x86
		{4BD182AB-D9AE-4468-B980-0BA508D2AA76}.TrialRelease|x86.Build.0 = Release|x86
		{E84F569D-76BB-4B61-B1AC-C3D4E473DF94}.Debug|Any CPU.ActiveCfg = Debug|Any CPU
		{E84F569D-76BB-4B61-B1AC-C3D4E473DF94}.Debug|Any CPU.Build.0 = Debug|Any CPU
		{E84F569D-76BB-4B61-B1AC-C3D4E473DF94}.Debug|Mixed Platforms.ActiveCfg = Debug|x86
		{E84F569D-76BB-4B61-B1AC-C3D4E473DF94}.Debug|Mixed Platforms.Build.0 = Debug|x86
		{E84F569D-76BB-4B61-B1AC-C3D4E473DF94}.Debug|Win32.ActiveCfg = Debug|x86
		{E84F569D-76BB-4B61-B1AC-C3D4E473DF94}.Debug|Win32.Build.0 = Debug|x86
		{E84F569D-76BB-4B61-B1AC-C3D4E473DF94}.Debug|x64.ActiveCfg = Debug|x64
		{E84F569D-76BB-4B61-B1AC-C3D4E473DF94}.Debug|x64.Build.0 = Debug|x64
		{E84F569D-76BB-4B61-B1AC-C3D4E473DF94}.Debug|x86.ActiveCfg = Debug|x86
		{E84F569D-76BB-4B61-B1AC-C3D4E473DF94}.Debug|x86.Build.0 = Debug|x86
		{E84F569D-76BB-4B61-B1AC-C3D4E473DF94}.Release|Any CPU.ActiveCfg = Release|Any CPU
		{E84F569D-76BB-4B61-B1AC-C3D4E473DF94}.Release|Any CPU.Build.0 = Release|Any CPU
		{E84F569D-76BB-4B61-B1AC-C3D4E473DF94}.Release|Mixed Platforms.ActiveCfg = Release|x86
		{E84F569D-76BB-4B61-B1AC-C3D4E473DF94}.Release|Mixed Platforms.Build.0 = Release|x86
		{E84F569D-76BB-4B61-B1AC-C3D4E473DF94}.Release|Win32.ActiveCfg = Release|x86
		{E84F569D-76BB-4B61-B1AC-C3D4E473DF94}.Release|Win32.Build.0 = Release|x86
		{E84F569D-76BB-4B61-B1AC-C3D4E473DF94}.Release|x64.ActiveCfg = Release|x64
		{E84F569D-76BB-4B61-B1AC-C3D4E473DF94}.Release|x64.Build.0 = Release|x64
		{E84F569D-76BB-4B61-B1AC-C3D4E473DF94}.Release|x86.ActiveCfg = Release|x86
		{E84F569D-76BB-4B61-B1AC-C3D4E473DF94}.Release|x86.Build.0 = Release|x86
		{E84F569D-76BB-4B61-B1AC-C3D4E473DF94}.TrialRelease|Any CPU.ActiveCfg = Release|Any CPU
		{E84F569D-76BB-4B61-B1AC-C3D4E473DF94}.TrialRelease|Any CPU.Build.0 = Release|Any CPU
		{E84F569D-76BB-4B61-B1AC-C3D4E473DF94}.TrialRelease|Mixed Platforms.ActiveCfg = Release|x86
		{E84F569D-76BB-4B61-B1AC-C3D4E473DF94}.TrialRelease|Mixed Platforms.Build.0 = Release|x86
		{E84F569D-76BB-4B61-B1AC-C3D4E473DF94}.TrialRelease|Win32.ActiveCfg = Release|x86
		{E84F569D-76BB-4B61-B1AC-C3D4E473DF94}.TrialRelease|Win32.Build.0 = Release|x86
		{E84F569D-76BB-4B61-B1AC-C3D4E473DF94}.TrialRelease|x64.ActiveCfg = Release|x64
		{E84F569D-76BB-4B61-B1AC-C3D4E473DF94}.TrialRelease|x64.Build.0 = Release|x64
		{E84F569D-76BB-4B61-B1AC-C3D4E473DF94}.TrialRelease|x86.ActiveCfg = Release|x86
		{E84F569D-76BB-4B61-B1AC-C3D4E473DF94}.TrialRelease|x86.Build.0 = Release|x86
		{2A2FF18D-5EDC-4253-A0D8-82E03DD1348B}.Debug|Any CPU.ActiveCfg = Debug|Any CPU
		{2A2FF18D-5EDC-4253-A0D8-82E03DD1348B}.Debug|Any CPU.Build.0 = Debug|Any CPU
		{2A2FF18D-5EDC-4253-A0D8-82E03DD1348B}.Debug|Mixed Platforms.ActiveCfg = Debug|Any CPU
		{2A2FF18D-5EDC-4253-A0D8-82E03DD1348B}.Debug|Mixed Platforms.Build.0 = Debug|Any CPU
		{2A2FF18D-5EDC-4253-A0D8-82E03DD1348B}.Debug|Win32.ActiveCfg = Debug|Any CPU
		{2A2FF18D-5EDC-4253-A0D8-82E03DD1348B}.Debug|Win32.Build.0 = Debug|Any CPU
		{2A2FF18D-5EDC-4253-A0D8-82E03DD1348B}.Debug|x64.ActiveCfg = Debug|Any CPU
		{2A2FF18D-5EDC-4253-A0D8-82E03DD1348B}.Debug|x64.Build.0 = Debug|Any CPU
		{2A2FF18D-5EDC-4253-A0D8-82E03DD1348B}.Debug|x86.ActiveCfg = Debug|Any CPU
		{2A2FF18D-5EDC-4253-A0D8-82E03DD1348B}.Debug|x86.Build.0 = Debug|Any CPU
		{2A2FF18D-5EDC-4253-A0D8-82E03DD1348B}.Release|Any CPU.ActiveCfg = Release|Any CPU
		{2A2FF18D-5EDC-4253-A0D8-82E03DD1348B}.Release|Any CPU.Build.0 = Release|Any CPU
		{2A2FF18D-5EDC-4253-A0D8-82E03DD1348B}.Release|Mixed Platforms.ActiveCfg = Release|Any CPU
		{2A2FF18D-5EDC-4253-A0D8-82E03DD1348B}.Release|Mixed Platforms.Build.0 = Release|Any CPU
		{2A2FF18D-5EDC-4253-A0D8-82E03DD1348B}.Release|Win32.ActiveCfg = Release|Any CPU
		{2A2FF18D-5EDC-4253-A0D8-82E03DD1348B}.Release|Win32.Build.0 = Release|Any CPU
		{2A2FF18D-5EDC-4253-A0D8-82E03DD1348B}.Release|x64.ActiveCfg = Release|Any CPU
		{2A2FF18D-5EDC-4253-A0D8-82E03DD1348B}.Release|x64.Build.0 = Release|Any CPU
		{2A2FF18D-5EDC-4253-A0D8-82E03DD1348B}.Release|x86.ActiveCfg = Release|Any CPU
		{2A2FF18D-5EDC-4253-A0D8-82E03DD1348B}.Release|x86.Build.0 = Release|Any CPU
		{2A2FF18D-5EDC-4253-A0D8-82E03DD1348B}.TrialRelease|Any CPU.ActiveCfg = TrialRelease|Any CPU
		{2A2FF18D-5EDC-4253-A0D8-82E03DD1348B}.TrialRelease|Any CPU.Build.0 = TrialRelease|Any CPU
		{2A2FF18D-5EDC-4253-A0D8-82E03DD1348B}.TrialRelease|Mixed Platforms.ActiveCfg = TrialRelease|Any CPU
		{2A2FF18D-5EDC-4253-A0D8-82E03DD1348B}.TrialRelease|Mixed Platforms.Build.0 = TrialRelease|Any CPU
		{2A2FF18D-5EDC-4253-A0D8-82E03DD1348B}.TrialRelease|Win32.ActiveCfg = TrialRelease|Any CPU
		{2A2FF18D-5EDC-4253-A0D8-82E03DD1348B}.TrialRelease|Win32.Build.0 = TrialRelease|Any CPU
		{2A2FF18D-5EDC-4253-A0D8-82E03DD1348B}.TrialRelease|x64.ActiveCfg = TrialRelease|Any CPU
		{2A2FF18D-5EDC-4253-A0D8-82E03DD1348B}.TrialRelease|x64.Build.0 = TrialRelease|Any CPU
		{2A2FF18D-5EDC-4253-A0D8-82E03DD1348B}.TrialRelease|x86.ActiveCfg = TrialRelease|Any CPU
		{2A2FF18D-5EDC-4253-A0D8-82E03DD1348B}.TrialRelease|x86.Build.0 = TrialRelease|Any CPU
	EndGlobalSection
	GlobalSection(SolutionProperties) = preSolution
		HideSolutionNode = FALSE
	EndGlobalSection
	GlobalSection(NestedProjects) = preSolution
		{C238A944-A0C2-4316-BC32-75D315A27FD4} = {8E4A0D52-9E5C-43F0-8E72-344067D01C21}
		{57D246BC-95DB-45D2-BC1D-47D30108274B} = {363021AA-306D-4451-8C9D-48A88CF1EF9E}
		{EFE76CF7-D2ED-46FC-87B7-5BEA3CA991DE} = {363021AA-306D-4451-8C9D-48A88CF1EF9E}
		{FD21C015-0BCE-4017-8991-2B76AB0A73B6} = {688C2263-8639-4FBA-9096-689618542812}
		{F0622213-5CD0-4034-8574-45BE72AEEC57} = {EC9C0C0B-36AF-4E98-9547-412BD76456D3}
		{1C2C60CF-1168-4443-9EB6-569CAA06632B} = {201542DC-E8C0-4956-A96B-6025149B0271}
		{A4B32FFF-58F6-4686-AD08-BE50F2B2640F} = {201542DC-E8C0-4956-A96B-6025149B0271}
		{BF04109F-09F6-4130-BACF-D85E8285C9DD} = {201542DC-E8C0-4956-A96B-6025149B0271}
		{397B59A4-6C99-4C64-870B-F7B637E1A031} = {2282EF05-D317-47B6-B1C0-92A4D652C9AD}
		{29782A9F-11D4-415E-A6BC-28714945C79E} = {363021AA-306D-4451-8C9D-48A88CF1EF9E}
		{4129BD98-73B7-4023-A14E-14203D982064} = {C0CDDB35-3ED0-4A19-9083-9D5B7FBF198D}
		{4E58A17B-AE13-46CC-88E6-90FC892F04C5} = {C0CDDB35-3ED0-4A19-9083-9D5B7FBF198D}
		{8A18AB73-1CEE-4B84-B019-244263AA4420} = {8E4A0D52-9E5C-43F0-8E72-344067D01C21}
		{366AB6D7-8336-451D-9EFF-0663082EA99A} = {D0E52E2A-2AA0-4E8D-B0C5-3EFCE3FBD1C5}
		{9D1D6409-EE60-4905-BC58-A53D53AE3B13} = {2282EF05-D317-47B6-B1C0-92A4D652C9AD}
		{4BD182AB-D9AE-4468-B980-0BA508D2AA76} = {EC9C0C0B-36AF-4E98-9547-412BD76456D3}
		{E84F569D-76BB-4B61-B1AC-C3D4E473DF94} = {EC9C0C0B-36AF-4E98-9547-412BD76456D3}
	EndGlobalSection
	GlobalSection(ExtensibilityGlobals) = postSolution
		SolutionGuid = {98042419-0939-4167-BE08-F52028E66774}
	EndGlobalSection
EndGlobal
